
Microsoft Visual Studio Solution File, Format Version 12.00
# Visual Studio Version 17
VisualStudioVersion = 17.0.32112.339
MinimumVisualStudioVersion = 15.0.26124.0
Project("{9A19103F-16F7-4668-BE54-9A1E7A4F7556}") = "Dryer OldProgram Importer", "Dryer OldProgram Importer\Dryer OldProgram Importer.csproj", "{0D82ACAF-33FD-441A-AD12-6E03DB3529BF}"
EndProject
Project("{9A19103F-16F7-4668-BE54-9A1E7A4F7556}") = "Dryer Server Core", "Dryer Server Core\Dryer Server Core.csproj", "{04810623-7528-4ED1-AB34-2CE1B15F1E77}"
EndProject
Project("{9A19103F-16F7-4668-BE54-9A1E7A4F7556}") = "Dryer Server Interfaces", "Dryer Server Interfaces\Dryer Server Interfaces.csproj", "{00FB7724-7C26-4354-91CA-4711598D5738}"
EndProject
Project("{9A19103F-16F7-4668-BE54-9A1E7A4F7556}") = "Dryer Sqlite Persistance", "Dryer Sqlite Persistance\Dryer Sqlite Persistance.csproj", "{01F813E5-02D5-4055-97EC-166C6F6A4CFA}"
EndProject
Project("{9A19103F-16F7-4668-BE54-9A1E7A4F7556}") = "Serial Modbus Agent", "Serial Modbus Agent\Serial Modbus Agent.csproj", "{66467BEE-6B6E-4366-BD76-30CC00150D60}"
EndProject
Project("{9A19103F-16F7-4668-BE54-9A1E7A4F7556}") = "Serial Modbus Agent Tests", "Serial Modbus Agent Tests\Serial Modbus Agent Tests.csproj", "{2F8FFFF6-161B-434A-A54A-97CE29CC81F0}"
EndProject
Project("{9A19103F-16F7-4668-BE54-9A1E7A4F7556}") = "Dryer Webapi Service", "Dryer Webapi Service\Dryer Webapi Service.csproj", "{969973B3-632E-442B-BA07-0AAD585F03DB}"
EndProject
Project("{9A19103F-16F7-4668-BE54-9A1E7A4F7556}") = "Dryer Auto Control", "Dryer Auto Control\Dryer Auto Control.csproj", "{C17BC62C-FF44-43E9-92CE-87E2AFA82AD2}"
EndProject
Project("{9A19103F-16F7-4668-BE54-9A1E7A4F7556}") = "Webapi Service Tests", "Webapi Service Tests\Webapi Service Tests.csproj", "{833E3FC4-F2D1-4B99-A403-E1F749520F72}"
EndProject
Project("{FAE04EC0-301F-11D3-BF4B-00C04F79EFBC}") = "Dryer Simulator", "Dryer Simulator\Dryer Simulator.csproj", "{131557FE-C132-4A97-A7D1-86D57A02E809}"
EndProject
Global
	GlobalSection(SolutionConfigurationPlatforms) = preSolution
		Debug|Any CPU = Debug|Any CPU
		Debug|x64 = Debug|x64
		Debug|x86 = Debug|x86
		Release|Any CPU = Release|Any CPU
		Release|x64 = Release|x64
		Release|x86 = Release|x86
	EndGlobalSection
	GlobalSection(ProjectConfigurationPlatforms) = postSolution
		{0D82ACAF-33FD-441A-AD12-6E03DB3529BF}.Debug|Any CPU.ActiveCfg = Debug|Any CPU
		{0D82ACAF-33FD-441A-AD12-6E03DB3529BF}.Debug|Any CPU.Build.0 = Debug|Any CPU
		{0D82ACAF-33FD-441A-AD12-6E03DB3529BF}.Debug|x64.ActiveCfg = Debug|Any CPU
		{0D82ACAF-33FD-441A-AD12-6E03DB3529BF}.Debug|x64.Build.0 = Debug|Any CPU
		{0D82ACAF-33FD-441A-AD12-6E03DB3529BF}.Debug|x86.ActiveCfg = Debug|Any CPU
		{0D82ACAF-33FD-441A-AD12-6E03DB3529BF}.Debug|x86.Build.0 = Debug|Any CPU
		{0D82ACAF-33FD-441A-AD12-6E03DB3529BF}.Release|Any CPU.ActiveCfg = Release|Any CPU
		{0D82ACAF-33FD-441A-AD12-6E03DB3529BF}.Release|Any CPU.Build.0 = Release|Any CPU
		{0D82ACAF-33FD-441A-AD12-6E03DB3529BF}.Release|x64.ActiveCfg = Release|Any CPU
		{0D82ACAF-33FD-441A-AD12-6E03DB3529BF}.Release|x64.Build.0 = Release|Any CPU
		{0D82ACAF-33FD-441A-AD12-6E03DB3529BF}.Release|x86.ActiveCfg = Release|Any CPU
		{0D82ACAF-33FD-441A-AD12-6E03DB3529BF}.Release|x86.Build.0 = Release|Any CPU
		{04810623-7528-4ED1-AB34-2CE1B15F1E77}.Debug|Any CPU.ActiveCfg = Debug|Any CPU
		{04810623-7528-4ED1-AB34-2CE1B15F1E77}.Debug|Any CPU.Build.0 = Debug|Any CPU
		{04810623-7528-4ED1-AB34-2CE1B15F1E77}.Debug|x64.ActiveCfg = Debug|Any CPU
		{04810623-7528-4ED1-AB34-2CE1B15F1E77}.Debug|x64.Build.0 = Debug|Any CPU
		{04810623-7528-4ED1-AB34-2CE1B15F1E77}.Debug|x86.ActiveCfg = Debug|Any CPU
		{04810623-7528-4ED1-AB34-2CE1B15F1E77}.Debug|x86.Build.0 = Debug|Any CPU
		{04810623-7528-4ED1-AB34-2CE1B15F1E77}.Release|Any CPU.ActiveCfg = Release|Any CPU
		{04810623-7528-4ED1-AB34-2CE1B15F1E77}.Release|Any CPU.Build.0 = Release|Any CPU
		{04810623-7528-4ED1-AB34-2CE1B15F1E77}.Release|x64.ActiveCfg = Release|Any CPU
		{04810623-7528-4ED1-AB34-2CE1B15F1E77}.Release|x64.Build.0 = Release|Any CPU
		{04810623-7528-4ED1-AB34-2CE1B15F1E77}.Release|x86.ActiveCfg = Release|Any CPU
		{04810623-7528-4ED1-AB34-2CE1B15F1E77}.Release|x86.Build.0 = Release|Any CPU
		{00FB7724-7C26-4354-91CA-4711598D5738}.Debug|Any CPU.ActiveCfg = Debug|Any CPU
		{00FB7724-7C26-4354-91CA-4711598D5738}.Debug|Any CPU.Build.0 = Debug|Any CPU
		{00FB7724-7C26-4354-91CA-4711598D5738}.Debug|x64.ActiveCfg = Debug|Any CPU
		{00FB7724-7C26-4354-91CA-4711598D5738}.Debug|x64.Build.0 = Debug|Any CPU
		{00FB7724-7C26-4354-91CA-4711598D5738}.Debug|x86.ActiveCfg = Debug|Any CPU
		{00FB7724-7C26-4354-91CA-4711598D5738}.Debug|x86.Build.0 = Debug|Any CPU
		{00FB7724-7C26-4354-91CA-4711598D5738}.Release|Any CPU.ActiveCfg = Release|Any CPU
		{00FB7724-7C26-4354-91CA-4711598D5738}.Release|Any CPU.Build.0 = Release|Any CPU
		{00FB7724-7C26-4354-91CA-4711598D5738}.Release|x64.ActiveCfg = Release|Any CPU
		{00FB7724-7C26-4354-91CA-4711598D5738}.Release|x64.Build.0 = Release|Any CPU
		{00FB7724-7C26-4354-91CA-4711598D5738}.Release|x86.ActiveCfg = Release|Any CPU
		{00FB7724-7C26-4354-91CA-4711598D5738}.Release|x86.Build.0 = Release|Any CPU
		{01F813E5-02D5-4055-97EC-166C6F6A4CFA}.Debug|Any CPU.ActiveCfg = Debug|Any CPU
		{01F813E5-02D5-4055-97EC-166C6F6A4CFA}.Debug|Any CPU.Build.0 = Debug|Any CPU
		{01F813E5-02D5-4055-97EC-166C6F6A4CFA}.Debug|x64.ActiveCfg = Debug|Any CPU
		{01F813E5-02D5-4055-97EC-166C6F6A4CFA}.Debug|x64.Build.0 = Debug|Any CPU
		{01F813E5-02D5-4055-97EC-166C6F6A4CFA}.Debug|x86.ActiveCfg = Debug|Any CPU
		{01F813E5-02D5-4055-97EC-166C6F6A4CFA}.Debug|x86.Build.0 = Debug|Any CPU
		{01F813E5-02D5-4055-97EC-166C6F6A4CFA}.Release|Any CPU.ActiveCfg = Release|Any CPU
		{01F813E5-02D5-4055-97EC-166C6F6A4CFA}.Release|Any CPU.Build.0 = Release|Any CPU
		{01F813E5-02D5-4055-97EC-166C6F6A4CFA}.Release|x64.ActiveCfg = Release|Any CPU
		{01F813E5-02D5-4055-97EC-166C6F6A4CFA}.Release|x64.Build.0 = Release|Any CPU
		{01F813E5-02D5-4055-97EC-166C6F6A4CFA}.Release|x86.ActiveCfg = Release|Any CPU
		{01F813E5-02D5-4055-97EC-166C6F6A4CFA}.Release|x86.Build.0 = Release|Any CPU
		{66467BEE-6B6E-4366-BD76-30CC00150D60}.Debug|Any CPU.ActiveCfg = Debug|Any CPU
		{66467BEE-6B6E-4366-BD76-30CC00150D60}.Debug|Any CPU.Build.0 = Debug|Any CPU
		{66467BEE-6B6E-4366-BD76-30CC00150D60}.Debug|x64.ActiveCfg = Debug|Any CPU
		{66467BEE-6B6E-4366-BD76-30CC00150D60}.Debug|x64.Build.0 = Debug|Any CPU
		{66467BEE-6B6E-4366-BD76-30CC00150D60}.Debug|x86.ActiveCfg = Debug|Any CPU
		{66467BEE-6B6E-4366-BD76-30CC00150D60}.Debug|x86.Build.0 = Debug|Any CPU
		{66467BEE-6B6E-4366-BD76-30CC00150D60}.Release|Any CPU.ActiveCfg = Release|Any CPU
		{66467BEE-6B6E-4366-BD76-30CC00150D60}.Release|Any CPU.Build.0 = Release|Any CPU
		{66467BEE-6B6E-4366-BD76-30CC00150D60}.Release|x64.ActiveCfg = Release|Any CPU
		{66467BEE-6B6E-4366-BD76-30CC00150D60}.Release|x64.Build.0 = Release|Any CPU
		{66467BEE-6B6E-4366-BD76-30CC00150D60}.Release|x86.ActiveCfg = Release|Any CPU
		{66467BEE-6B6E-4366-BD76-30CC00150D60}.Release|x86.Build.0 = Release|Any CPU
		{2F8FFFF6-161B-434A-A54A-97CE29CC81F0}.Debug|Any CPU.ActiveCfg = Debug|Any CPU
		{2F8FFFF6-161B-434A-A54A-97CE29CC81F0}.Debug|Any CPU.Build.0 = Debug|Any CPU
		{2F8FFFF6-161B-434A-A54A-97CE29CC81F0}.Debug|x64.ActiveCfg = Debug|Any CPU
		{2F8FFFF6-161B-434A-A54A-97CE29CC81F0}.Debug|x64.Build.0 = Debug|Any CPU
		{2F8FFFF6-161B-434A-A54A-97CE29CC81F0}.Debug|x86.ActiveCfg = Debug|Any CPU
		{2F8FFFF6-161B-434A-A54A-97CE29CC81F0}.Debug|x86.Build.0 = Debug|Any CPU
		{2F8FFFF6-161B-434A-A54A-97CE29CC81F0}.Release|Any CPU.ActiveCfg = Release|Any CPU
		{2F8FFFF6-161B-434A-A54A-97CE29CC81F0}.Release|Any CPU.Build.0 = Release|Any CPU
		{2F8FFFF6-161B-434A-A54A-97CE29CC81F0}.Release|x64.ActiveCfg = Release|Any CPU
		{2F8FFFF6-161B-434A-A54A-97CE29CC81F0}.Release|x64.Build.0 = Release|Any CPU
		{2F8FFFF6-161B-434A-A54A-97CE29CC81F0}.Release|x86.ActiveCfg = Release|Any CPU
		{2F8FFFF6-161B-434A-A54A-97CE29CC81F0}.Release|x86.Build.0 = Release|Any CPU
		{969973B3-632E-442B-BA07-0AAD585F03DB}.Debug|Any CPU.ActiveCfg = Debug|Any CPU
		{969973B3-632E-442B-BA07-0AAD585F03DB}.Debug|Any CPU.Build.0 = Debug|Any CPU
		{969973B3-632E-442B-BA07-0AAD585F03DB}.Debug|x64.ActiveCfg = Debug|Any CPU
		{969973B3-632E-442B-BA07-0AAD585F03DB}.Debug|x64.Build.0 = Debug|Any CPU
		{969973B3-632E-442B-BA07-0AAD585F03DB}.Debug|x86.ActiveCfg = Debug|Any CPU
		{969973B3-632E-442B-BA07-0AAD585F03DB}.Debug|x86.Build.0 = Debug|Any CPU
		{969973B3-632E-442B-BA07-0AAD585F03DB}.Release|Any CPU.ActiveCfg = Release|Any CPU
		{969973B3-632E-442B-BA07-0AAD585F03DB}.Release|Any CPU.Build.0 = Release|Any CPU
		{969973B3-632E-442B-BA07-0AAD585F03DB}.Release|x64.ActiveCfg = Release|Any CPU
		{969973B3-632E-442B-BA07-0AAD585F03DB}.Release|x64.Build.0 = Release|Any CPU
		{969973B3-632E-442B-BA07-0AAD585F03DB}.Release|x86.ActiveCfg = Release|Any CPU
		{969973B3-632E-442B-BA07-0AAD585F03DB}.Release|x86.Build.0 = Release|Any CPU
		{C17BC62C-FF44-43E9-92CE-87E2AFA82AD2}.Debug|Any CPU.ActiveCfg = Debug|Any CPU
		{C17BC62C-FF44-43E9-92CE-87E2AFA82AD2}.Debug|Any CPU.Build.0 = Debug|Any CPU
		{C17BC62C-FF44-43E9-92CE-87E2AFA82AD2}.Debug|x64.ActiveCfg = Debug|Any CPU
		{C17BC62C-FF44-43E9-92CE-87E2AFA82AD2}.Debug|x64.Build.0 = Debug|Any CPU
		{C17BC62C-FF44-43E9-92CE-87E2AFA82AD2}.Debug|x86.ActiveCfg = Debug|Any CPU
		{C17BC62C-FF44-43E9-92CE-87E2AFA82AD2}.Debug|x86.Build.0 = Debug|Any CPU
		{C17BC62C-FF44-43E9-92CE-87E2AFA82AD2}.Release|Any CPU.ActiveCfg = Release|Any CPU
		{C17BC62C-FF44-43E9-92CE-87E2AFA82AD2}.Release|Any CPU.Build.0 = Release|Any CPU
		{C17BC62C-FF44-43E9-92CE-87E2AFA82AD2}.Release|x64.ActiveCfg = Release|Any CPU
		{C17BC62C-FF44-43E9-92CE-87E2AFA82AD2}.Release|x64.Build.0 = Release|Any CPU
		{C17BC62C-FF44-43E9-92CE-87E2AFA82AD2}.Release|x86.ActiveCfg = Release|Any CPU
		{C17BC62C-FF44-43E9-92CE-87E2AFA82AD2}.Release|x86.Build.0 = Release|Any CPU
		{833E3FC4-F2D1-4B99-A403-E1F749520F72}.Debug|Any CPU.ActiveCfg = Debug|Any CPU
		{833E3FC4-F2D1-4B99-A403-E1F749520F72}.Debug|Any CPU.Build.0 = Debug|Any CPU
		{833E3FC4-F2D1-4B99-A403-E1F749520F72}.Debug|x64.ActiveCfg = Debug|Any CPU
		{833E3FC4-F2D1-4B99-A403-E1F749520F72}.Debug|x64.Build.0 = Debug|Any CPU
		{833E3FC4-F2D1-4B99-A403-E1F749520F72}.Debug|x86.ActiveCfg = Debug|Any CPU
		{833E3FC4-F2D1-4B99-A403-E1F749520F72}.Debug|x86.Build.0 = Debug|Any CPU
		{833E3FC4-F2D1-4B99-A403-E1F749520F72}.Release|Any CPU.ActiveCfg = Release|Any CPU
		{833E3FC4-F2D1-4B99-A403-E1F749520F72}.Release|Any CPU.Build.0 = Release|Any CPU
		{833E3FC4-F2D1-4B99-A403-E1F749520F72}.Release|x64.ActiveCfg = Release|Any CPU
		{833E3FC4-F2D1-4B99-A403-E1F749520F72}.Release|x64.Build.0 = Release|Any CPU
		{833E3FC4-F2D1-4B99-A403-E1F749520F72}.Release|x86.ActiveCfg = Release|Any CPU
		{833E3FC4-F2D1-4B99-A403-E1F749520F72}.Release|x86.Build.0 = Release|Any CPU
		{131557FE-C132-4A97-A7D1-86D57A02E809}.Debug|Any CPU.ActiveCfg = Debug|Any CPU
		{131557FE-C132-4A97-A7D1-86D57A02E809}.Debug|Any CPU.Build.0 = Debug|Any CPU
		{131557FE-C132-4A97-A7D1-86D57A02E809}.Debug|x64.ActiveCfg = Debug|Any CPU
		{131557FE-C132-4A97-A7D1-86D57A02E809}.Debug|x64.Build.0 = Debug|Any CPU
		{131557FE-C132-4A97-A7D1-86D57A02E809}.Debug|x86.ActiveCfg = Debug|Any CPU
		{131557FE-C132-4A97-A7D1-86D57A02E809}.Debug|x86.Build.0 = Debug|Any CPU
		{131557FE-C132-4A97-A7D1-86D57A02E809}.Release|Any CPU.ActiveCfg = Release|Any CPU
		{131557FE-C132-4A97-A7D1-86D57A02E809}.Release|Any CPU.Build.0 = Release|Any CPU
		{131557FE-C132-4A97-A7D1-86D57A02E809}.Release|x64.ActiveCfg = Release|Any CPU
		{131557FE-C132-4A97-A7D1-86D57A02E809}.Release|x64.Build.0 = Release|Any CPU
		{131557FE-C132-4A97-A7D1-86D57A02E809}.Release|x86.ActiveCfg = Release|Any CPU
		{131557FE-C132-4A97-A7D1-86D57A02E809}.Release|x86.Build.0 = Release|Any CPU
	EndGlobalSection
	GlobalSection(SolutionProperties) = preSolution
		HideSolutionNode = FALSE
	EndGlobalSection
	GlobalSection(ExtensibilityGlobals) = postSolution
		SolutionGuid = {E9A5382F-C630-4DCE-9EED-7D518ED99E3C}
	EndGlobalSection
EndGlobal
